# Code generated by scarb DO NOT EDIT.
version = 1

[[package]]
name = "garaga"
version = "0.17.0"
source = "git+https://github.com/keep-starknet-strange/garaga.git?tag=v0.17.0#ee2ffcaf4f9ec6e1108db934516182d8d2362646"

[[package]]
name = "snforge_scarb_plugin"
version = "0.34.0"
source = "git+https://github.com/foundry-rs/starknet-foundry?tag=v0.34.0#d6976d4635cbe69bd199fd502788c469d408ed2d"

[[package]]
name = "snforge_std"
version = "0.34.0"
source = "git+https://github.com/foundry-rs/starknet-foundry?tag=v0.34.0#d6976d4635cbe69bd199fd502788c469d408ed2d"
dependencies = [
 "snforge_scarb_plugin",
]

[[package]]
name = "typhoon"
version = "0.1.0"
dependencies = [
 "garaga",
 "snforge_std",
]
