# Code generated by scarb DO NOT EDIT.
version = 1

[[package]]
name = "garaga"
version = "0.17.0"
source = "git+https://github.com/keep-starknet-strange/garaga.git?tag=v0.17.0#ee2ffcaf4f9ec6e1108db934516182d8d2362646"

[[package]]
name = "snforge_scarb_plugin"
version = "0.34.1"
source = "registry+https://scarbs.xyz/"
checksum = "sha256:3a1bcfcd8e65cb3c9a437f59c44969756a78a99450ea3e7bd9362a7e97e1778e"

[[package]]
name = "snforge_std"
version = "0.34.1"
source = "registry+https://scarbs.xyz/"
checksum = "sha256:61df5e54dbe1c946861f0580dc5e06f87a7a71c42d27931dccf7f3824f59ac34"
dependencies = [
 "snforge_scarb_plugin",
]

[[package]]
name = "typhoon"
version = "0.1.0"
dependencies = [
 "garaga",
 "snforge_std",
]
